
Microsoft Visual Studio Solution File, Format Version 12.00
# Visual Studio Version 17
VisualStudioVersion = 17.8.34330.188
MinimumVisualStudioVersion = 10.0.40219.1
Project("{FAE04EC0-301F-11D3-BF4B-00C04F79EFBC}") = "CheckBox2", "CheckBox2\CheckBox2.csproj", "{5E755397-34A2-4A23-8AC2-60A18590B947}"
EndProject
Global
	GlobalSection(SolutionConfigurationPlatforms) = preSolution
		Debug|Any CPU = Debug|Any CPU
		Release|Any CPU = Release|Any CPU
	EndGlobalSection
	GlobalSection(ProjectConfigurationPlatforms) = postSolution
		{5E755397-34A2-4A23-8AC2-60A18590B947}.Debug|Any CPU.ActiveCfg = Debug|Any CPU
		{5E755397-34A2-4A23-8AC2-60A18590B947}.Debug|Any CPU.Build.0 = Debug|Any CPU
		{5E755397-34A2-4A23-8AC2-60A18590B947}.Release|Any CPU.ActiveCfg = Release|Any CPU
		{5E755397-34A2-4A23-8AC2-60A18590B947}.Release|Any CPU.Build.0 = Release|Any CPU
	EndGlobalSection
	GlobalSection(SolutionProperties) = preSolution
		HideSolutionNode = FALSE
	EndGlobalSection
	GlobalSection(ExtensibilityGlobals) = postSolution
		SolutionGuid = {1604A471-9462-4284-99F3-DED3F9411AE5}
	EndGlobalSection
EndGlobal
